
Microsoft Visual Studio Solution File, Format Version 12.00
# Visual Studio Version 17
VisualStudioVersion = 17.7.34024.191
MinimumVisualStudioVersion = 10.0.40219.1
Project("{FAE04EC0-301F-11D3-BF4B-00C04F79EFBC}") = "ASPNET6_MVC_TEMPLATE_wAUTH", "ASPNET6_MVC_TEMPLATE_wAUTH\ASPNET6_MVC_TEMPLATE_wAUTH.csproj", "{D449AA6C-65E3-4B4F-8027-8FA0E3709FC3}"
EndProject
Global
	GlobalSection(SolutionConfigurationPlatforms) = preSolution
		Debug|Any CPU = Debug|Any CPU
		Release|Any CPU = Release|Any CPU
	EndGlobalSection
	GlobalSection(ProjectConfigurationPlatforms) = postSolution
		{D449AA6C-65E3-4B4F-8027-8FA0E3709FC3}.Debug|Any CPU.ActiveCfg = Debug|Any CPU
		{D449AA6C-65E3-4B4F-8027-8FA0E3709FC3}.Debug|Any CPU.Build.0 = Debug|Any CPU
		{D449AA6C-65E3-4B4F-8027-8FA0E3709FC3}.Release|Any CPU.ActiveCfg = Release|Any CPU
		{D449AA6C-65E3-4B4F-8027-8FA0E3709FC3}.Release|Any CPU.Build.0 = Release|Any CPU
	EndGlobalSection
	GlobalSection(SolutionProperties) = preSolution
		HideSolutionNode = FALSE
	EndGlobalSection
	GlobalSection(ExtensibilityGlobals) = postSolution
		SolutionGuid = {1CDBD645-E112-465F-BC46-5F5B463E167F}
	EndGlobalSection
EndGlobal
